
Microsoft Visual Studio Solution File, Format Version 12.00
# Visual Studio Version 17
VisualStudioVersion = 17.6.33815.320
MinimumVisualStudioVersion = 10.0.40219.1
Project("{9A19103F-16F7-4668-BE54-9A1E7A4F7556}") = "DoacaoViva.Domain", "src\DoacaoViva.Domain.csproj", "{69C026AF-E5AB-453B-8EF2-7DDDBC8F19B4}"
EndProject
Project("{9A19103F-16F7-4668-BE54-9A1E7A4F7556}") = "DoacaoViva.Application", "..\application\src\DoacaoViva.Application.csproj", "{B51BFEDC-A257-4D47-B0E0-431827DBB701}"
EndProject
Project("{9A19103F-16F7-4668-BE54-9A1E7A4F7556}") = "DoacaoViva.Infrastructure.Database", "..\infrastructure\src\database\src\DoacaoViva.Infrastructure.Database.csproj", "{2F56733B-7184-4633-ABAB-2AF37167AE36}"
EndProject
Project("{9A19103F-16F7-4668-BE54-9A1E7A4F7556}") = "DoacaoViva.Infrastructure.GraphQL", "..\infrastructure\src\graphQL\src\DoacaoViva.Infrastructure.GraphQL.csproj", "{5D42B943-7693-425A-A5BB-14CB38F90F0F}"
EndProject
Project("{9A19103F-16F7-4668-BE54-9A1E7A4F7556}") = "DoacaoViva.Infrastructure.Microservices", "..\infrastructure\src\microservices\src\DoacaoViva.Infrastructure.Microservices.csproj", "{2D10DF00-8F2C-4222-BB9B-039CC6A94629}"
EndProject
Project("{9A19103F-16F7-4668-BE54-9A1E7A4F7556}") = "DoacaoViva.Infrastructure.Notification", "..\infrastructure\src\notification\src\DoacaoViva.Infrastructure.Notification.csproj", "{A239AC36-AAA7-4BF0-862B-C525CF8DE20D}"
EndProject
Project("{9A19103F-16F7-4668-BE54-9A1E7A4F7556}") = "DoacaoVivaAPI", "..\microservice-api\src\DoacaoVivaAPI.csproj", "{6DCE5D50-0006-49F4-82F7-FACDE3E1231A}"
EndProject
Global
	GlobalSection(SolutionConfigurationPlatforms) = preSolution
		Debug|Any CPU = Debug|Any CPU
		Release|Any CPU = Release|Any CPU
	EndGlobalSection
	GlobalSection(ProjectConfigurationPlatforms) = postSolution
		{69C026AF-E5AB-453B-8EF2-7DDDBC8F19B4}.Debug|Any CPU.ActiveCfg = Debug|Any CPU
		{69C026AF-E5AB-453B-8EF2-7DDDBC8F19B4}.Debug|Any CPU.Build.0 = Debug|Any CPU
		{69C026AF-E5AB-453B-8EF2-7DDDBC8F19B4}.Release|Any CPU.ActiveCfg = Release|Any CPU
		{69C026AF-E5AB-453B-8EF2-7DDDBC8F19B4}.Release|Any CPU.Build.0 = Release|Any CPU
		{B51BFEDC-A257-4D47-B0E0-431827DBB701}.Debug|Any CPU.ActiveCfg = Debug|Any CPU
		{B51BFEDC-A257-4D47-B0E0-431827DBB701}.Debug|Any CPU.Build.0 = Debug|Any CPU
		{B51BFEDC-A257-4D47-B0E0-431827DBB701}.Release|Any CPU.ActiveCfg = Release|Any CPU
		{B51BFEDC-A257-4D47-B0E0-431827DBB701}.Release|Any CPU.Build.0 = Release|Any CPU
		{2F56733B-7184-4633-ABAB-2AF37167AE36}.Debug|Any CPU.ActiveCfg = Debug|Any CPU
		{2F56733B-7184-4633-ABAB-2AF37167AE36}.Debug|Any CPU.Build.0 = Debug|Any CPU
		{2F56733B-7184-4633-ABAB-2AF37167AE36}.Release|Any CPU.ActiveCfg = Release|Any CPU
		{2F56733B-7184-4633-ABAB-2AF37167AE36}.Release|Any CPU.Build.0 = Release|Any CPU
		{5D42B943-7693-425A-A5BB-14CB38F90F0F}.Debug|Any CPU.ActiveCfg = Debug|Any CPU
		{5D42B943-7693-425A-A5BB-14CB38F90F0F}.Debug|Any CPU.Build.0 = Debug|Any CPU
		{5D42B943-7693-425A-A5BB-14CB38F90F0F}.Release|Any CPU.ActiveCfg = Release|Any CPU
		{5D42B943-7693-425A-A5BB-14CB38F90F0F}.Release|Any CPU.Build.0 = Release|Any CPU
		{2D10DF00-8F2C-4222-BB9B-039CC6A94629}.Debug|Any CPU.ActiveCfg = Debug|Any CPU
		{2D10DF00-8F2C-4222-BB9B-039CC6A94629}.Debug|Any CPU.Build.0 = Debug|Any CPU
		{2D10DF00-8F2C-4222-BB9B-039CC6A94629}.Release|Any CPU.ActiveCfg = Release|Any CPU
		{2D10DF00-8F2C-4222-BB9B-039CC6A94629}.Release|Any CPU.Build.0 = Release|Any CPU
		{A239AC36-AAA7-4BF0-862B-C525CF8DE20D}.Debug|Any CPU.ActiveCfg = Debug|Any CPU
		{A239AC36-AAA7-4BF0-862B-C525CF8DE20D}.Debug|Any CPU.Build.0 = Debug|Any CPU
		{A239AC36-AAA7-4BF0-862B-C525CF8DE20D}.Release|Any CPU.ActiveCfg = Release|Any CPU
		{A239AC36-AAA7-4BF0-862B-C525CF8DE20D}.Release|Any CPU.Build.0 = Release|Any CPU
		{6DCE5D50-0006-49F4-82F7-FACDE3E1231A}.Debug|Any CPU.ActiveCfg = Debug|Any CPU
		{6DCE5D50-0006-49F4-82F7-FACDE3E1231A}.Debug|Any CPU.Build.0 = Debug|Any CPU
		{6DCE5D50-0006-49F4-82F7-FACDE3E1231A}.Release|Any CPU.ActiveCfg = Release|Any CPU
		{6DCE5D50-0006-49F4-82F7-FACDE3E1231A}.Release|Any CPU.Build.0 = Release|Any CPU
	EndGlobalSection
	GlobalSection(SolutionProperties) = preSolution
		HideSolutionNode = FALSE
	EndGlobalSection
	GlobalSection(ExtensibilityGlobals) = postSolution
		SolutionGuid = {3BD14A8F-FBFF-44FF-A96F-BA0E0B3655EF}
	EndGlobalSection
EndGlobal
